
Microsoft Visual Studio Solution File, Format Version 12.00
# Visual Studio 14
VisualStudioVersion = 14.0.25123.0
MinimumVisualStudioVersion = 10.0.40219.1
Project("{FAE04EC0-301F-11D3-BF4B-00C04F79EFBC}") = "Kenobi.TripsExtension", "Kenobi.TripsExtension\Kenobi.TripsExtension.csproj", "{E37F7C48-97E3-4021-B8EE-2F276F5C6FA7}"
EndProject
Project("{FAE04EC0-301F-11D3-BF4B-00C04F79EFBC}") = "Kenobi.TripsExtension.UnitTests", "Kenobi.TripsExtension.UnitTests\Kenobi.TripsExtension.UnitTests.csproj", "{35EA9CF2-F9E4-4A00-815B-FC283AF6107E}"
EndProject
Project("{FAE04EC0-301F-11D3-BF4B-00C04F79EFBC}") = "Kenobi.TripsExtension.Entities", "Kenobi.TripsExtension.Entities\Kenobi.TripsExtension.Entities.csproj", "{3C831F16-5052-45AA-95A5-9120B5FC5536}"
EndProject
Project("{FAE04EC0-301F-11D3-BF4B-00C04F79EFBC}") = "Kenobi.TripsWrapper.Proxy", "kenobi.TripsExtension.Proxy\Kenobi.TripsWrapper.Proxy.csproj", "{23EECED3-7F60-44B8-BC82-AA72A23EE11F}"
EndProject
Project("{FAE04EC0-301F-11D3-BF4B-00C04F79EFBC}") = "Kenobi.TripsExtension.TripService", "Kenobi.TripsExtension.TripService\Kenobi.TripsExtension.TripService.csproj", "{14B4DD8D-ED38-4234-A24B-096566A960A1}"
EndProject
Project("{FAE04EC0-301F-11D3-BF4B-00C04F79EFBC}") = "Kenobi.TripsExtension.TripsRepository", "Kenobi.TripsExtension.TripsRepository\Kenobi.TripsExtension.TripsRepository.csproj", "{9825F114-20F9-4882-AA8B-979BD5F38443}"
EndProject
Project("{2150E333-8FDC-42A3-9474-1A3956D46DE8}") = "SubModules", "SubModules", "{D681C767-357C-4CB7-B3E5-0FE36361875D}"
EndProject
Project("{FAE04EC0-301F-11D3-BF4B-00C04F79EFBC}") = "Kenobi.Common", "submodules\kenobi-frameworks-common\Kenobi.Common\Kenobi.Common.csproj", "{4DC236FE-9997-41BC-9942-9766D487A823}"
EndProject
Project("{FAE04EC0-301F-11D3-BF4B-00C04F79EFBC}") = "Kenobi.Common.TenantConfiguration", "submodules\kenobi-frameworks-common\Kenobi.Common.TenantConfiguration.DataStore\Kenobi.Common.TenantConfiguration.csproj", "{F2AFCA3F-1DB4-46B6-B1E8-C1E43BD0FA8B}"
EndProject
Project("{FAE04EC0-301F-11D3-BF4B-00C04F79EFBC}") = "Kenobi.Frameworks.Logging", "submodules\kenobi-frameworks-common\Kenobi.Frameworks.Logging\Kenobi.Frameworks.Logging.csproj", "{AC425C05-3733-4CBE-A2E0-EA7F7A759EB3}"
EndProject
Project("{FAE04EC0-301F-11D3-BF4B-00C04F79EFBC}") = "Kenobi.Common.Errors.Hotel", "submodules\kenobi-frameworks-common\Kenobi.Common.Errors.Hotel\Kenobi.Common.Errors.Hotel.csproj", "{B7135FD3-818D-45D7-8FFD-1D7B0E7D5983}"
EndProject
Project("{FAE04EC0-301F-11D3-BF4B-00C04F79EFBC}") = "Kenobi.TripsExtension.ServiceTests", "Kenobi.TripsExtension.ServiceTests\Kenobi.TripsExtension.ServiceTests.csproj", "{697C068E-F01C-4976-BB0D-285A72DB71C5}"
EndProject
Project("{FAE04EC0-301F-11D3-BF4B-00C04F79EFBC}") = "Kenobi.Common.ConsulConfiguration", "submodules\kenobi-frameworks-common\Kenobi.Common.ConsulConfiguration\Kenobi.Common.ConsulConfiguration.csproj", "{9578CB32-2083-4B2B-80F7-5C95298FA03B}"
EndProject
Project("{2150E333-8FDC-42A3-9474-1A3956D46DE8}") = "3.Test", "3.Test", "{AC619123-086A-4E14-BB70-5B0C8B12DC29}"
EndProject
Project("{2150E333-8FDC-42A3-9474-1A3956D46DE8}") = "1.Host", "1.Host", "{C9F47AC8-656F-48A2-BB3B-53E977317ECE}"
EndProject
Project("{2150E333-8FDC-42A3-9474-1A3956D46DE8}") = "2.Core", "2.Core", "{F9D9B45B-3F3D-493A-8118-927E0255860D}"
EndProject
Project("{FAE04EC0-301F-11D3-BF4B-00C04F79EFBC}") = "kenobi.TripsExtension.TestDataProvider", "kenobi.TripsExtension.TestDataProvider\kenobi.TripsExtension.TestDataProvider.csproj", "{8F87D95E-82C1-4E7C-BFEF-7918A7AA1F01}"
EndProject
Project("{FAE04EC0-301F-11D3-BF4B-00C04F79EFBC}") = "Kenobi.TripsExtension.Core", "Kenobi.TripsExtension.Core\Kenobi.TripsExtension.Core.csproj", "{E5CD4AAD-5A2E-40B2-B71D-E08438BDAE4F}"
EndProject
Project("{FAE04EC0-301F-11D3-BF4B-00C04F79EFBC}") = "Kenobi.Common.Metrics", "submodules\kenobi-frameworks-common\Kenobi.Common.Metrics\Kenobi.Common.Metrics.csproj", "{DA618F3C-0B30-4FDD-BAF2-B0DE1197E96A}"
EndProject
Project("{FAE04EC0-301F-11D3-BF4B-00C04F79EFBC}") = "Kenobi.Common.Context", "submodules\kenobi-frameworks-common\Kenobi.Common.Context\Kenobi.Common.Context.csproj", "{78434552-B4D8-4BC0-8B91-6417DFC30ECB}"
EndProject
Global
	GlobalSection(SolutionConfigurationPlatforms) = preSolution
		Debug|Any CPU = Debug|Any CPU
		Prod|Any CPU = Prod|Any CPU
		Release|Any CPU = Release|Any CPU
		Stage|Any CPU = Stage|Any CPU
	EndGlobalSection
	GlobalSection(ProjectConfigurationPlatforms) = postSolution
		{E37F7C48-97E3-4021-B8EE-2F276F5C6FA7}.Debug|Any CPU.ActiveCfg = Debug|Any CPU
		{E37F7C48-97E3-4021-B8EE-2F276F5C6FA7}.Debug|Any CPU.Build.0 = Debug|Any CPU
		{E37F7C48-97E3-4021-B8EE-2F276F5C6FA7}.Prod|Any CPU.ActiveCfg = Prod|Any CPU
		{E37F7C48-97E3-4021-B8EE-2F276F5C6FA7}.Prod|Any CPU.Build.0 = Prod|Any CPU
		{E37F7C48-97E3-4021-B8EE-2F276F5C6FA7}.Release|Any CPU.ActiveCfg = Release|Any CPU
		{E37F7C48-97E3-4021-B8EE-2F276F5C6FA7}.Release|Any CPU.Build.0 = Release|Any CPU
		{E37F7C48-97E3-4021-B8EE-2F276F5C6FA7}.Stage|Any CPU.ActiveCfg = Stage|Any CPU
		{E37F7C48-97E3-4021-B8EE-2F276F5C6FA7}.Stage|Any CPU.Build.0 = Stage|Any CPU
		{35EA9CF2-F9E4-4A00-815B-FC283AF6107E}.Debug|Any CPU.ActiveCfg = Debug|Any CPU
		{35EA9CF2-F9E4-4A00-815B-FC283AF6107E}.Debug|Any CPU.Build.0 = Debug|Any CPU
		{35EA9CF2-F9E4-4A00-815B-FC283AF6107E}.Prod|Any CPU.ActiveCfg = Prod|Any CPU
		{35EA9CF2-F9E4-4A00-815B-FC283AF6107E}.Prod|Any CPU.Build.0 = Prod|Any CPU
		{35EA9CF2-F9E4-4A00-815B-FC283AF6107E}.Release|Any CPU.ActiveCfg = Release|Any CPU
		{35EA9CF2-F9E4-4A00-815B-FC283AF6107E}.Release|Any CPU.Build.0 = Release|Any CPU
		{35EA9CF2-F9E4-4A00-815B-FC283AF6107E}.Stage|Any CPU.ActiveCfg = Stage|Any CPU
		{35EA9CF2-F9E4-4A00-815B-FC283AF6107E}.Stage|Any CPU.Build.0 = Stage|Any CPU
		{3C831F16-5052-45AA-95A5-9120B5FC5536}.Debug|Any CPU.ActiveCfg = Debug|Any CPU
		{3C831F16-5052-45AA-95A5-9120B5FC5536}.Debug|Any CPU.Build.0 = Debug|Any CPU
		{3C831F16-5052-45AA-95A5-9120B5FC5536}.Prod|Any CPU.ActiveCfg = Prod|Any CPU
		{3C831F16-5052-45AA-95A5-9120B5FC5536}.Prod|Any CPU.Build.0 = Prod|Any CPU
		{3C831F16-5052-45AA-95A5-9120B5FC5536}.Release|Any CPU.ActiveCfg = Release|Any CPU
		{3C831F16-5052-45AA-95A5-9120B5FC5536}.Release|Any CPU.Build.0 = Release|Any CPU
		{3C831F16-5052-45AA-95A5-9120B5FC5536}.Stage|Any CPU.ActiveCfg = Stage|Any CPU
		{3C831F16-5052-45AA-95A5-9120B5FC5536}.Stage|Any CPU.Build.0 = Stage|Any CPU
		{23EECED3-7F60-44B8-BC82-AA72A23EE11F}.Debug|Any CPU.ActiveCfg = Debug|Any CPU
		{23EECED3-7F60-44B8-BC82-AA72A23EE11F}.Debug|Any CPU.Build.0 = Debug|Any CPU
		{23EECED3-7F60-44B8-BC82-AA72A23EE11F}.Prod|Any CPU.ActiveCfg = Release|Any CPU
		{23EECED3-7F60-44B8-BC82-AA72A23EE11F}.Prod|Any CPU.Build.0 = Release|Any CPU
		{23EECED3-7F60-44B8-BC82-AA72A23EE11F}.Release|Any CPU.ActiveCfg = Release|Any CPU
		{23EECED3-7F60-44B8-BC82-AA72A23EE11F}.Release|Any CPU.Build.0 = Release|Any CPU
		{23EECED3-7F60-44B8-BC82-AA72A23EE11F}.Stage|Any CPU.ActiveCfg = Release|Any CPU
		{23EECED3-7F60-44B8-BC82-AA72A23EE11F}.Stage|Any CPU.Build.0 = Release|Any CPU
		{14B4DD8D-ED38-4234-A24B-096566A960A1}.Debug|Any CPU.ActiveCfg = Debug|Any CPU
		{14B4DD8D-ED38-4234-A24B-096566A960A1}.Debug|Any CPU.Build.0 = Debug|Any CPU
		{14B4DD8D-ED38-4234-A24B-096566A960A1}.Prod|Any CPU.ActiveCfg = Release|Any CPU
		{14B4DD8D-ED38-4234-A24B-096566A960A1}.Prod|Any CPU.Build.0 = Release|Any CPU
		{14B4DD8D-ED38-4234-A24B-096566A960A1}.Release|Any CPU.ActiveCfg = Release|Any CPU
		{14B4DD8D-ED38-4234-A24B-096566A960A1}.Release|Any CPU.Build.0 = Release|Any CPU
		{14B4DD8D-ED38-4234-A24B-096566A960A1}.Stage|Any CPU.ActiveCfg = Release|Any CPU
		{14B4DD8D-ED38-4234-A24B-096566A960A1}.Stage|Any CPU.Build.0 = Release|Any CPU
		{9825F114-20F9-4882-AA8B-979BD5F38443}.Debug|Any CPU.ActiveCfg = Debug|Any CPU
		{9825F114-20F9-4882-AA8B-979BD5F38443}.Debug|Any CPU.Build.0 = Debug|Any CPU
		{9825F114-20F9-4882-AA8B-979BD5F38443}.Prod|Any CPU.ActiveCfg = Release|Any CPU
		{9825F114-20F9-4882-AA8B-979BD5F38443}.Prod|Any CPU.Build.0 = Release|Any CPU
		{9825F114-20F9-4882-AA8B-979BD5F38443}.Release|Any CPU.ActiveCfg = Release|Any CPU
		{9825F114-20F9-4882-AA8B-979BD5F38443}.Release|Any CPU.Build.0 = Release|Any CPU
		{9825F114-20F9-4882-AA8B-979BD5F38443}.Stage|Any CPU.ActiveCfg = Release|Any CPU
		{9825F114-20F9-4882-AA8B-979BD5F38443}.Stage|Any CPU.Build.0 = Release|Any CPU
		{4DC236FE-9997-41BC-9942-9766D487A823}.Debug|Any CPU.ActiveCfg = Debug|Any CPU
		{4DC236FE-9997-41BC-9942-9766D487A823}.Debug|Any CPU.Build.0 = Debug|Any CPU
		{4DC236FE-9997-41BC-9942-9766D487A823}.Prod|Any CPU.ActiveCfg = Release|Any CPU
		{4DC236FE-9997-41BC-9942-9766D487A823}.Prod|Any CPU.Build.0 = Release|Any CPU
		{4DC236FE-9997-41BC-9942-9766D487A823}.Release|Any CPU.ActiveCfg = Release|Any CPU
		{4DC236FE-9997-41BC-9942-9766D487A823}.Release|Any CPU.Build.0 = Release|Any CPU
		{4DC236FE-9997-41BC-9942-9766D487A823}.Stage|Any CPU.ActiveCfg = Release|Any CPU
		{4DC236FE-9997-41BC-9942-9766D487A823}.Stage|Any CPU.Build.0 = Release|Any CPU
		{F2AFCA3F-1DB4-46B6-B1E8-C1E43BD0FA8B}.Debug|Any CPU.ActiveCfg = Debug|Any CPU
		{F2AFCA3F-1DB4-46B6-B1E8-C1E43BD0FA8B}.Debug|Any CPU.Build.0 = Debug|Any CPU
		{F2AFCA3F-1DB4-46B6-B1E8-C1E43BD0FA8B}.Prod|Any CPU.ActiveCfg = Release|Any CPU
		{F2AFCA3F-1DB4-46B6-B1E8-C1E43BD0FA8B}.Prod|Any CPU.Build.0 = Release|Any CPU
		{F2AFCA3F-1DB4-46B6-B1E8-C1E43BD0FA8B}.Release|Any CPU.ActiveCfg = Release|Any CPU
		{F2AFCA3F-1DB4-46B6-B1E8-C1E43BD0FA8B}.Release|Any CPU.Build.0 = Release|Any CPU
		{F2AFCA3F-1DB4-46B6-B1E8-C1E43BD0FA8B}.Stage|Any CPU.ActiveCfg = Release|Any CPU
		{F2AFCA3F-1DB4-46B6-B1E8-C1E43BD0FA8B}.Stage|Any CPU.Build.0 = Release|Any CPU
		{AC425C05-3733-4CBE-A2E0-EA7F7A759EB3}.Debug|Any CPU.ActiveCfg = Debug|Any CPU
		{AC425C05-3733-4CBE-A2E0-EA7F7A759EB3}.Debug|Any CPU.Build.0 = Debug|Any CPU
		{AC425C05-3733-4CBE-A2E0-EA7F7A759EB3}.Prod|Any CPU.ActiveCfg = Release|Any CPU
		{AC425C05-3733-4CBE-A2E0-EA7F7A759EB3}.Prod|Any CPU.Build.0 = Release|Any CPU
		{AC425C05-3733-4CBE-A2E0-EA7F7A759EB3}.Release|Any CPU.ActiveCfg = Release|Any CPU
		{AC425C05-3733-4CBE-A2E0-EA7F7A759EB3}.Release|Any CPU.Build.0 = Release|Any CPU
		{AC425C05-3733-4CBE-A2E0-EA7F7A759EB3}.Stage|Any CPU.ActiveCfg = Release|Any CPU
		{AC425C05-3733-4CBE-A2E0-EA7F7A759EB3}.Stage|Any CPU.Build.0 = Release|Any CPU
		{B7135FD3-818D-45D7-8FFD-1D7B0E7D5983}.Debug|Any CPU.ActiveCfg = Debug|Any CPU
		{B7135FD3-818D-45D7-8FFD-1D7B0E7D5983}.Debug|Any CPU.Build.0 = Debug|Any CPU
		{B7135FD3-818D-45D7-8FFD-1D7B0E7D5983}.Prod|Any CPU.ActiveCfg = Release|Any CPU
		{B7135FD3-818D-45D7-8FFD-1D7B0E7D5983}.Prod|Any CPU.Build.0 = Release|Any CPU
		{B7135FD3-818D-45D7-8FFD-1D7B0E7D5983}.Release|Any CPU.ActiveCfg = Release|Any CPU
		{B7135FD3-818D-45D7-8FFD-1D7B0E7D5983}.Release|Any CPU.Build.0 = Release|Any CPU
		{B7135FD3-818D-45D7-8FFD-1D7B0E7D5983}.Stage|Any CPU.ActiveCfg = Release|Any CPU
		{B7135FD3-818D-45D7-8FFD-1D7B0E7D5983}.Stage|Any CPU.Build.0 = Release|Any CPU
		{697C068E-F01C-4976-BB0D-285A72DB71C5}.Debug|Any CPU.ActiveCfg = Debug|Any CPU
		{697C068E-F01C-4976-BB0D-285A72DB71C5}.Debug|Any CPU.Build.0 = Debug|Any CPU
		{697C068E-F01C-4976-BB0D-285A72DB71C5}.Prod|Any CPU.ActiveCfg = Release|Any CPU
		{697C068E-F01C-4976-BB0D-285A72DB71C5}.Prod|Any CPU.Build.0 = Release|Any CPU
		{697C068E-F01C-4976-BB0D-285A72DB71C5}.Release|Any CPU.ActiveCfg = Release|Any CPU
		{697C068E-F01C-4976-BB0D-285A72DB71C5}.Release|Any CPU.Build.0 = Release|Any CPU
		{697C068E-F01C-4976-BB0D-285A72DB71C5}.Stage|Any CPU.ActiveCfg = Release|Any CPU
		{697C068E-F01C-4976-BB0D-285A72DB71C5}.Stage|Any CPU.Build.0 = Release|Any CPU
		{9578CB32-2083-4B2B-80F7-5C95298FA03B}.Debug|Any CPU.ActiveCfg = Debug|Any CPU
		{9578CB32-2083-4B2B-80F7-5C95298FA03B}.Debug|Any CPU.Build.0 = Debug|Any CPU
		{9578CB32-2083-4B2B-80F7-5C95298FA03B}.Prod|Any CPU.ActiveCfg = Release|Any CPU
		{9578CB32-2083-4B2B-80F7-5C95298FA03B}.Prod|Any CPU.Build.0 = Release|Any CPU
		{9578CB32-2083-4B2B-80F7-5C95298FA03B}.Release|Any CPU.ActiveCfg = Release|Any CPU
		{9578CB32-2083-4B2B-80F7-5C95298FA03B}.Release|Any CPU.Build.0 = Release|Any CPU
		{9578CB32-2083-4B2B-80F7-5C95298FA03B}.Stage|Any CPU.ActiveCfg = Release|Any CPU
		{9578CB32-2083-4B2B-80F7-5C95298FA03B}.Stage|Any CPU.Build.0 = Release|Any CPU
		{8F87D95E-82C1-4E7C-BFEF-7918A7AA1F01}.Debug|Any CPU.ActiveCfg = Debug|Any CPU
		{8F87D95E-82C1-4E7C-BFEF-7918A7AA1F01}.Debug|Any CPU.Build.0 = Debug|Any CPU
		{8F87D95E-82C1-4E7C-BFEF-7918A7AA1F01}.Prod|Any CPU.ActiveCfg = Release|Any CPU
		{8F87D95E-82C1-4E7C-BFEF-7918A7AA1F01}.Prod|Any CPU.Build.0 = Release|Any CPU
		{8F87D95E-82C1-4E7C-BFEF-7918A7AA1F01}.Release|Any CPU.ActiveCfg = Release|Any CPU
		{8F87D95E-82C1-4E7C-BFEF-7918A7AA1F01}.Release|Any CPU.Build.0 = Release|Any CPU
		{8F87D95E-82C1-4E7C-BFEF-7918A7AA1F01}.Stage|Any CPU.ActiveCfg = Release|Any CPU
		{8F87D95E-82C1-4E7C-BFEF-7918A7AA1F01}.Stage|Any CPU.Build.0 = Release|Any CPU
		{E5CD4AAD-5A2E-40B2-B71D-E08438BDAE4F}.Debug|Any CPU.ActiveCfg = Debug|Any CPU
		{E5CD4AAD-5A2E-40B2-B71D-E08438BDAE4F}.Debug|Any CPU.Build.0 = Debug|Any CPU
		{E5CD4AAD-5A2E-40B2-B71D-E08438BDAE4F}.Prod|Any CPU.ActiveCfg = Release|Any CPU
		{E5CD4AAD-5A2E-40B2-B71D-E08438BDAE4F}.Prod|Any CPU.Build.0 = Release|Any CPU
		{E5CD4AAD-5A2E-40B2-B71D-E08438BDAE4F}.Release|Any CPU.ActiveCfg = Release|Any CPU
		{E5CD4AAD-5A2E-40B2-B71D-E08438BDAE4F}.Release|Any CPU.Build.0 = Release|Any CPU
		{E5CD4AAD-5A2E-40B2-B71D-E08438BDAE4F}.Stage|Any CPU.ActiveCfg = Release|Any CPU
		{E5CD4AAD-5A2E-40B2-B71D-E08438BDAE4F}.Stage|Any CPU.Build.0 = Release|Any CPU
		{DA618F3C-0B30-4FDD-BAF2-B0DE1197E96A}.Debug|Any CPU.ActiveCfg = Debug|Any CPU
		{DA618F3C-0B30-4FDD-BAF2-B0DE1197E96A}.Debug|Any CPU.Build.0 = Debug|Any CPU
		{DA618F3C-0B30-4FDD-BAF2-B0DE1197E96A}.Prod|Any CPU.ActiveCfg = Release|Any CPU
		{DA618F3C-0B30-4FDD-BAF2-B0DE1197E96A}.Prod|Any CPU.Build.0 = Release|Any CPU
		{DA618F3C-0B30-4FDD-BAF2-B0DE1197E96A}.Release|Any CPU.ActiveCfg = Release|Any CPU
		{DA618F3C-0B30-4FDD-BAF2-B0DE1197E96A}.Release|Any CPU.Build.0 = Release|Any CPU
		{DA618F3C-0B30-4FDD-BAF2-B0DE1197E96A}.Stage|Any CPU.ActiveCfg = Release|Any CPU
		{DA618F3C-0B30-4FDD-BAF2-B0DE1197E96A}.Stage|Any CPU.Build.0 = Release|Any CPU
		{78434552-B4D8-4BC0-8B91-6417DFC30ECB}.Debug|Any CPU.ActiveCfg = Debug|Any CPU
		{78434552-B4D8-4BC0-8B91-6417DFC30ECB}.Debug|Any CPU.Build.0 = Debug|Any CPU
		{78434552-B4D8-4BC0-8B91-6417DFC30ECB}.Prod|Any CPU.ActiveCfg = Release|Any CPU
		{78434552-B4D8-4BC0-8B91-6417DFC30ECB}.Prod|Any CPU.Build.0 = Release|Any CPU
		{78434552-B4D8-4BC0-8B91-6417DFC30ECB}.Release|Any CPU.ActiveCfg = Release|Any CPU
		{78434552-B4D8-4BC0-8B91-6417DFC30ECB}.Release|Any CPU.Build.0 = Release|Any CPU
		{78434552-B4D8-4BC0-8B91-6417DFC30ECB}.Stage|Any CPU.ActiveCfg = Release|Any CPU
		{78434552-B4D8-4BC0-8B91-6417DFC30ECB}.Stage|Any CPU.Build.0 = Release|Any CPU
	EndGlobalSection
	GlobalSection(SolutionProperties) = preSolution
		HideSolutionNode = FALSE
	EndGlobalSection
	GlobalSection(NestedProjects) = preSolution
		{E37F7C48-97E3-4021-B8EE-2F276F5C6FA7} = {C9F47AC8-656F-48A2-BB3B-53E977317ECE}
		{35EA9CF2-F9E4-4A00-815B-FC283AF6107E} = {AC619123-086A-4E14-BB70-5B0C8B12DC29}
		{3C831F16-5052-45AA-95A5-9120B5FC5536} = {F9D9B45B-3F3D-493A-8118-927E0255860D}
		{23EECED3-7F60-44B8-BC82-AA72A23EE11F} = {F9D9B45B-3F3D-493A-8118-927E0255860D}
		{14B4DD8D-ED38-4234-A24B-096566A960A1} = {F9D9B45B-3F3D-493A-8118-927E0255860D}
		{9825F114-20F9-4882-AA8B-979BD5F38443} = {F9D9B45B-3F3D-493A-8118-927E0255860D}
		{4DC236FE-9997-41BC-9942-9766D487A823} = {D681C767-357C-4CB7-B3E5-0FE36361875D}
		{F2AFCA3F-1DB4-46B6-B1E8-C1E43BD0FA8B} = {D681C767-357C-4CB7-B3E5-0FE36361875D}
		{AC425C05-3733-4CBE-A2E0-EA7F7A759EB3} = {D681C767-357C-4CB7-B3E5-0FE36361875D}
		{B7135FD3-818D-45D7-8FFD-1D7B0E7D5983} = {D681C767-357C-4CB7-B3E5-0FE36361875D}
		{697C068E-F01C-4976-BB0D-285A72DB71C5} = {AC619123-086A-4E14-BB70-5B0C8B12DC29}
		{9578CB32-2083-4B2B-80F7-5C95298FA03B} = {D681C767-357C-4CB7-B3E5-0FE36361875D}
		{8F87D95E-82C1-4E7C-BFEF-7918A7AA1F01} = {AC619123-086A-4E14-BB70-5B0C8B12DC29}
		{E5CD4AAD-5A2E-40B2-B71D-E08438BDAE4F} = {F9D9B45B-3F3D-493A-8118-927E0255860D}
		{DA618F3C-0B30-4FDD-BAF2-B0DE1197E96A} = {D681C767-357C-4CB7-B3E5-0FE36361875D}
		{78434552-B4D8-4BC0-8B91-6417DFC30ECB} = {D681C767-357C-4CB7-B3E5-0FE36361875D}
	EndGlobalSection
EndGlobal
